{
  "name": "find-replace",
  "version": "5.0.2",
  "lockfileVersion": 2,
  "requires": true,
  "packages": {
    "": {
      "name": "find-replace",
      "version": "5.0.2",
      "license": "MIT",
      "devDependencies": {},
      "engines": {
        "node": ">=14"
      },
      "peerDependencies": {
        "@75lb/nature": "latest"
      },
      "peerDependenciesMeta": {
        "@75lb/nature": {
          "optional": true
        }
      }
    }
  }
}
